[[package]]
name = "dircolors-hd"
version = "0.1.0"
dependencies = [
 "lazy_static 1.2.0 (registry+https://github.com/rust-lang/crates.io-index)",
 "yaml-rust 0.4.2 (registry+https://github.com/rust-lang/crates.io-index)",
]

[[package]]
name = "lazy_static"
version = "1.2.0"
source = "registry+https://github.com/rust-lang/crates.io-index"

[[package]]
name = "linked-hash-map"
version = "0.5.1"
source = "registry+https://github.com/rust-lang/crates.io-index"

[[package]]
name = "yaml-rust"
version = "0.4.2"
source = "registry+https://github.com/rust-lang/crates.io-index"
dependencies = [
 "linked-hash-map 0.5.1 (registry+https://github.com/rust-lang/crates.io-index)",
]

[metadata]
"checksum lazy_static 1.2.0 (registry+https://github.com/rust-lang/crates.io-index)" = "a374c89b9db55895453a74c1e38861d9deec0b01b405a82516e9d5de4820dea1"
"checksum linked-hash-map 0.5.1 (registry+https://github.com/rust-lang/crates.io-index)" = "70fb39025bc7cdd76305867c4eccf2f2dcf6e9a57f5b21a93e1c2d86cd03ec9e"
"checksum yaml-rust 0.4.2 (registry+https://github.com/rust-lang/crates.io-index)" = "95acf0db5515d07da9965ec0e0ba6cc2d825e2caeb7303b66ca441729801254e"
